
Microsoft Visual Studio Solution File, Format Version 12.00
# Visual Studio 15
VisualStudioVersion = 15.0.26228.4
MinimumVisualStudioVersion = 10.0.40219.1
Project("{FAE04EC0-301F-11D3-BF4B-00C04F79EFBC}") = "Condai.DAL", "..\Backend\Condai.DAL\Condai.DAL.csproj", "{C98AA396-DF8B-480F-B949-DDB29DABA85A}"
EndProject
Project("{FAE04EC0-301F-11D3-BF4B-00C04F79EFBC}") = "Condai.BLL", "..\Backend\Condai.BLL\Condai.BLL.csproj", "{50A05845-7240-4C48-B6AF-C40338901C89}"
EndProject
Project("{FAE04EC0-301F-11D3-BF4B-00C04F79EFBC}") = "Condai.Entity", "..\Backend\Condai.Entity\Condai.Entity.csproj", "{D31A5A4E-0B24-40A5-ABDE-9C98022E8DAA}"
EndProject
Project("{FAE04EC0-301F-11D3-BF4B-00C04F79EFBC}") = "Condai.Tools", "..\Backend\Condai.Tools\Condai.Tools.csproj", "{F720434C-1680-41F4-8CF6-C4D9AF8E10AE}"
EndProject
Project("{FAE04EC0-301F-11D3-BF4B-00C04F79EFBC}") = "Console.App", "..\Backend\Console.App\Console.App.csproj", "{8ACD7267-8A0B-46C0-A681-32F511127B78}"
EndProject
Project("{FAE04EC0-301F-11D3-BF4B-00C04F79EFBC}") = "Condai.WebApi", "..\Service\Condai.WebApi\Condai.WebApi.csproj", "{E06042B3-19A1-4B91-AECF-21D906D310DE}"
EndProject
Global
	GlobalSection(SolutionConfigurationPlatforms) = preSolution
		Debug|Any CPU = Debug|Any CPU
		Release|Any CPU = Release|Any CPU
	EndGlobalSection
	GlobalSection(ProjectConfigurationPlatforms) = postSolution
		{C98AA396-DF8B-480F-B949-DDB29DABA85A}.Debug|Any CPU.ActiveCfg = Debug|Any CPU
		{C98AA396-DF8B-480F-B949-DDB29DABA85A}.Debug|Any CPU.Build.0 = Debug|Any CPU
		{C98AA396-DF8B-480F-B949-DDB29DABA85A}.Release|Any CPU.ActiveCfg = Release|Any CPU
		{C98AA396-DF8B-480F-B949-DDB29DABA85A}.Release|Any CPU.Build.0 = Release|Any CPU
		{50A05845-7240-4C48-B6AF-C40338901C89}.Debug|Any CPU.ActiveCfg = Debug|Any CPU
		{50A05845-7240-4C48-B6AF-C40338901C89}.Debug|Any CPU.Build.0 = Debug|Any CPU
		{50A05845-7240-4C48-B6AF-C40338901C89}.Release|Any CPU.ActiveCfg = Release|Any CPU
		{50A05845-7240-4C48-B6AF-C40338901C89}.Release|Any CPU.Build.0 = Release|Any CPU
		{D31A5A4E-0B24-40A5-ABDE-9C98022E8DAA}.Debug|Any CPU.ActiveCfg = Debug|Any CPU
		{D31A5A4E-0B24-40A5-ABDE-9C98022E8DAA}.Debug|Any CPU.Build.0 = Debug|Any CPU
		{D31A5A4E-0B24-40A5-ABDE-9C98022E8DAA}.Release|Any CPU.ActiveCfg = Release|Any CPU
		{D31A5A4E-0B24-40A5-ABDE-9C98022E8DAA}.Release|Any CPU.Build.0 = Release|Any CPU
		{F720434C-1680-41F4-8CF6-C4D9AF8E10AE}.Debug|Any CPU.ActiveCfg = Debug|Any CPU
		{F720434C-1680-41F4-8CF6-C4D9AF8E10AE}.Debug|Any CPU.Build.0 = Debug|Any CPU
		{F720434C-1680-41F4-8CF6-C4D9AF8E10AE}.Release|Any CPU.ActiveCfg = Release|Any CPU
		{F720434C-1680-41F4-8CF6-C4D9AF8E10AE}.Release|Any CPU.Build.0 = Release|Any CPU
		{8ACD7267-8A0B-46C0-A681-32F511127B78}.Debug|Any CPU.ActiveCfg = Debug|Any CPU
		{8ACD7267-8A0B-46C0-A681-32F511127B78}.Debug|Any CPU.Build.0 = Debug|Any CPU
		{8ACD7267-8A0B-46C0-A681-32F511127B78}.Release|Any CPU.ActiveCfg = Release|Any CPU
		{8ACD7267-8A0B-46C0-A681-32F511127B78}.Release|Any CPU.Build.0 = Release|Any CPU
		{E06042B3-19A1-4B91-AECF-21D906D310DE}.Debug|Any CPU.ActiveCfg = Debug|Any CPU
		{E06042B3-19A1-4B91-AECF-21D906D310DE}.Debug|Any CPU.Build.0 = Debug|Any CPU
		{E06042B3-19A1-4B91-AECF-21D906D310DE}.Release|Any CPU.ActiveCfg = Release|Any CPU
		{E06042B3-19A1-4B91-AECF-21D906D310DE}.Release|Any CPU.Build.0 = Release|Any CPU
	EndGlobalSection
	GlobalSection(SolutionProperties) = preSolution
		HideSolutionNode = FALSE
	EndGlobalSection
EndGlobal
